
Microsoft Visual Studio Solution File, Format Version 12.00
# Visual Studio 14
VisualStudioVersion = 14.0.25420.1
MinimumVisualStudioVersion = 10.0.40219.1
Project("{8BC9CEB8-8B4A-11D0-8D11-00A0C91BC942}") = "MathLibrary", "MathLibrary\MathLibrary.vcxproj", "{5264A15F-3C51-4CF3-8F28-6AFD399ECEA2}"
EndProject
Project("{8BC9CEB8-8B4A-11D0-8D11-00A0C91BC942}") = "MathClient", "MathClient\MathClient.vcxproj", "{8411AA0C-82C7-4DE1-8BED-193788AE5A0A}"
EndProject
Global
	GlobalSection(SolutionConfigurationPlatforms) = preSolution
		Debug|x64 = Debug|x64
		Debug|x86 = Debug|x86
		Release|x64 = Release|x64
		Release|x86 = Release|x86
	EndGlobalSection
	GlobalSection(ProjectConfigurationPlatforms) = postSolution
		{5264A15F-3C51-4CF3-8F28-6AFD399ECEA2}.Debug|x64.ActiveCfg = Debug|x64
		{5264A15F-3C51-4CF3-8F28-6AFD399ECEA2}.Debug|x64.Build.0 = Debug|x64
		{5264A15F-3C51-4CF3-8F28-6AFD399ECEA2}.Debug|x86.ActiveCfg = Debug|Win32
		{5264A15F-3C51-4CF3-8F28-6AFD399ECEA2}.Debug|x86.Build.0 = Debug|Win32
		{5264A15F-3C51-4CF3-8F28-6AFD399ECEA2}.Release|x64.ActiveCfg = Release|x64
		{5264A15F-3C51-4CF3-8F28-6AFD399ECEA2}.Release|x64.Build.0 = Release|x64
		{5264A15F-3C51-4CF3-8F28-6AFD399ECEA2}.Release|x86.ActiveCfg = Release|Win32
		{5264A15F-3C51-4CF3-8F28-6AFD399ECEA2}.Release|x86.Build.0 = Release|Win32
		{8411AA0C-82C7-4DE1-8BED-193788AE5A0A}.Debug|x64.ActiveCfg = Debug|x64
		{8411AA0C-82C7-4DE1-8BED-193788AE5A0A}.Debug|x64.Build.0 = Debug|x64
		{8411AA0C-82C7-4DE1-8BED-193788AE5A0A}.Debug|x86.ActiveCfg = Debug|Win32
		{8411AA0C-82C7-4DE1-8BED-193788AE5A0A}.Debug|x86.Build.0 = Debug|Win32
		{8411AA0C-82C7-4DE1-8BED-193788AE5A0A}.Release|x64.ActiveCfg = Release|x64
		{8411AA0C-82C7-4DE1-8BED-193788AE5A0A}.Release|x64.Build.0 = Release|x64
		{8411AA0C-82C7-4DE1-8BED-193788AE5A0A}.Release|x86.ActiveCfg = Release|Win32
		{8411AA0C-82C7-4DE1-8BED-193788AE5A0A}.Release|x86.Build.0 = Release|Win32
	EndGlobalSection
	GlobalSection(SolutionProperties) = preSolution
		HideSolutionNode = FALSE
	EndGlobalSection
EndGlobal
